
Microsoft Visual Studio Solution File, Format Version 12.00
# Visual Studio Version 17
VisualStudioVersion = 17.9.34622.214
MinimumVisualStudioVersion = 10.0.40219.1
Project("{9A19103F-16F7-4668-BE54-9A1E7A4F7556}") = "LeadsFullStack.API", "LeadsFullStack.API.csproj", "{C0D30811-1686-46D2-A14D-848C0A8E330E}"
EndProject
Project("{FAE04EC0-301F-11D3-BF4B-00C04F79EFBC}") = "LeadsFullStack.Domain", "..\LeadsFullStack.Domain\LeadsFullStack.Domain.csproj", "{BCD843CA-8560-4C27-8E85-8949464A37D6}"
EndProject
Project("{FAE04EC0-301F-11D3-BF4B-00C04F79EFBC}") = "LeadsFullStack.Application", "..\LeadsFullStack.Application\LeadsFullStack.Application.csproj", "{0BAD247A-E91D-4DC1-8CF5-5ECAAB9089E1}"
EndProject
Project("{FAE04EC0-301F-11D3-BF4B-00C04F79EFBC}") = "LeadsFullStack.Infrastructure", "..\LeadsFullStack.Infrastructure\LeadsFullStack.Infrastructure.csproj", "{2EA44C2F-8D65-4D2A-B610-D9A38B7F0585}"
EndProject
Project("{54A90642-561A-4BB1-A94E-469ADEE60C69}") = "leadsfullstack.client", "..\LeadsFullStack.Client\leadsfullstack.client.esproj", "{4ED0BD51-29E0-4BE5-82E5-D77677CF3A8D}"
EndProject
Global
	GlobalSection(SolutionConfigurationPlatforms) = preSolution
		Debug|Any CPU = Debug|Any CPU
		Release|Any CPU = Release|Any CPU
	EndGlobalSection
	GlobalSection(ProjectConfigurationPlatforms) = postSolution
		{C0D30811-1686-46D2-A14D-848C0A8E330E}.Debug|Any CPU.ActiveCfg = Debug|Any CPU
		{C0D30811-1686-46D2-A14D-848C0A8E330E}.Debug|Any CPU.Build.0 = Debug|Any CPU
		{C0D30811-1686-46D2-A14D-848C0A8E330E}.Release|Any CPU.ActiveCfg = Release|Any CPU
		{C0D30811-1686-46D2-A14D-848C0A8E330E}.Release|Any CPU.Build.0 = Release|Any CPU
		{BCD843CA-8560-4C27-8E85-8949464A37D6}.Debug|Any CPU.ActiveCfg = Debug|Any CPU
		{BCD843CA-8560-4C27-8E85-8949464A37D6}.Debug|Any CPU.Build.0 = Debug|Any CPU
		{BCD843CA-8560-4C27-8E85-8949464A37D6}.Release|Any CPU.ActiveCfg = Release|Any CPU
		{BCD843CA-8560-4C27-8E85-8949464A37D6}.Release|Any CPU.Build.0 = Release|Any CPU
		{0BAD247A-E91D-4DC1-8CF5-5ECAAB9089E1}.Debug|Any CPU.ActiveCfg = Debug|Any CPU
		{0BAD247A-E91D-4DC1-8CF5-5ECAAB9089E1}.Debug|Any CPU.Build.0 = Debug|Any CPU
		{0BAD247A-E91D-4DC1-8CF5-5ECAAB9089E1}.Release|Any CPU.ActiveCfg = Release|Any CPU
		{0BAD247A-E91D-4DC1-8CF5-5ECAAB9089E1}.Release|Any CPU.Build.0 = Release|Any CPU
		{2EA44C2F-8D65-4D2A-B610-D9A38B7F0585}.Debug|Any CPU.ActiveCfg = Debug|Any CPU
		{2EA44C2F-8D65-4D2A-B610-D9A38B7F0585}.Debug|Any CPU.Build.0 = Debug|Any CPU
		{2EA44C2F-8D65-4D2A-B610-D9A38B7F0585}.Release|Any CPU.ActiveCfg = Release|Any CPU
		{2EA44C2F-8D65-4D2A-B610-D9A38B7F0585}.Release|Any CPU.Build.0 = Release|Any CPU
		{4ED0BD51-29E0-4BE5-82E5-D77677CF3A8D}.Debug|Any CPU.ActiveCfg = Debug|Any CPU
		{4ED0BD51-29E0-4BE5-82E5-D77677CF3A8D}.Debug|Any CPU.Build.0 = Debug|Any CPU
		{4ED0BD51-29E0-4BE5-82E5-D77677CF3A8D}.Debug|Any CPU.Deploy.0 = Debug|Any CPU
		{4ED0BD51-29E0-4BE5-82E5-D77677CF3A8D}.Release|Any CPU.ActiveCfg = Release|Any CPU
		{4ED0BD51-29E0-4BE5-82E5-D77677CF3A8D}.Release|Any CPU.Build.0 = Release|Any CPU
		{4ED0BD51-29E0-4BE5-82E5-D77677CF3A8D}.Release|Any CPU.Deploy.0 = Release|Any CPU
	EndGlobalSection
	GlobalSection(SolutionProperties) = preSolution
		HideSolutionNode = FALSE
	EndGlobalSection
	GlobalSection(ExtensibilityGlobals) = postSolution
		SolutionGuid = {19D2442D-DB4B-4F0F-9F63-BA68D503176D}
	EndGlobalSection
EndGlobal
